
Microsoft Visual Studio Solution File, Format Version 12.00
# Visual Studio Version 17
VisualStudioVersion = 17.14.36811.4
MinimumVisualStudioVersion = 10.0.40219.1
Project("{FAE04EC0-301F-11D3-BF4B-00C04F79EFBC}") = "MedAppointment.Entities", "MedAppointment.Entities\MedAppointment.Entities.csproj", "{FFDF7A9B-4333-4604-8C4E-A0644C9CD9C1}"
EndProject
Project("{FAE04EC0-301F-11D3-BF4B-00C04F79EFBC}") = "MedAppointment.DataAccess", "MedAppointment.DataAccess\MedAppointment.DataAccess.csproj", "{C7E06A89-5629-4354-B7DA-E6B6D00C1422}"
EndProject
Project("{FAE04EC0-301F-11D3-BF4B-00C04F79EFBC}") = "MedAppointment.DataTransferObjects", "MedAppointment.DataTransferObjects\MedAppointment.DataTransferObjects.csproj", "{AC2650E4-E55B-4725-B47F-77D06A0DCA6A}"
EndProject
Project("{FAE04EC0-301F-11D3-BF4B-00C04F79EFBC}") = "MedAppointment.Logics", "MedAppointment.Logic\MedAppointment.Logics.csproj", "{8C86834C-2F65-47D5-B451-C60B7F28D6A7}"
EndProject
Project("{FAE04EC0-301F-11D3-BF4B-00C04F79EFBC}") = "MedAppointment.Validations", "MedAppointment.Validations\MedAppointment.Validations.csproj", "{86B74399-7FB9-4329-A04F-7FB9DA8A700E}"
EndProject
Project("{2150E333-8FDC-42A3-9474-1A3956D46DE8}") = "Documentation", "Documentation", "{02EA681E-C7D8-13C7-8484-4AC65E1B71E8}"
	ProjectSection(SolutionItems) = preProject
		Info\General.md = Info\General.md
	EndProjectSection
EndProject
Project("{2150E333-8FDC-42A3-9474-1A3956D46DE8}") = "SQL", "SQL", "{57673996-7E91-42DF-A6A0-C10D985A7F69}"
	ProjectSection(SolutionItems) = preProject
		SQL\README.md = SQL\README.md
	EndProjectSection
EndProject
Project("{2150E333-8FDC-42A3-9474-1A3956D46DE8}") = "Localizations", "Localizations", "{078DA1A7-2094-4939-9BB4-10C9E0B0448D}"
	ProjectSection(SolutionItems) = preProject
		Localizations\readme.md = Localizations\readme.md
	EndProjectSection
EndProject
Project("{FAE04EC0-301F-11D3-BF4B-00C04F79EFBC}") = "MedAppointment.Api", "MedAppointment.Api\MedAppointment.Api.csproj", "{301ED948-16B3-4FF9-9467-C89A727E81D6}"
EndProject
Global
	GlobalSection(SolutionConfigurationPlatforms) = preSolution
		Debug|Any CPU = Debug|Any CPU
		Release|Any CPU = Release|Any CPU
	EndGlobalSection
	GlobalSection(ProjectConfigurationPlatforms) = postSolution
		{FFDF7A9B-4333-4604-8C4E-A0644C9CD9C1}.Debug|Any CPU.ActiveCfg = Debug|Any CPU
		{FFDF7A9B-4333-4604-8C4E-A0644C9CD9C1}.Debug|Any CPU.Build.0 = Debug|Any CPU
		{FFDF7A9B-4333-4604-8C4E-A0644C9CD9C1}.Release|Any CPU.ActiveCfg = Release|Any CPU
		{FFDF7A9B-4333-4604-8C4E-A0644C9CD9C1}.Release|Any CPU.Build.0 = Release|Any CPU
		{C7E06A89-5629-4354-B7DA-E6B6D00C1422}.Debug|Any CPU.ActiveCfg = Debug|Any CPU
		{C7E06A89-5629-4354-B7DA-E6B6D00C1422}.Debug|Any CPU.Build.0 = Debug|Any CPU
		{C7E06A89-5629-4354-B7DA-E6B6D00C1422}.Release|Any CPU.ActiveCfg = Release|Any CPU
		{C7E06A89-5629-4354-B7DA-E6B6D00C1422}.Release|Any CPU.Build.0 = Release|Any CPU
		{AC2650E4-E55B-4725-B47F-77D06A0DCA6A}.Debug|Any CPU.ActiveCfg = Debug|Any CPU
		{AC2650E4-E55B-4725-B47F-77D06A0DCA6A}.Debug|Any CPU.Build.0 = Debug|Any CPU
		{AC2650E4-E55B-4725-B47F-77D06A0DCA6A}.Release|Any CPU.ActiveCfg = Release|Any CPU
		{AC2650E4-E55B-4725-B47F-77D06A0DCA6A}.Release|Any CPU.Build.0 = Release|Any CPU
		{8C86834C-2F65-47D5-B451-C60B7F28D6A7}.Debug|Any CPU.ActiveCfg = Debug|Any CPU
		{8C86834C-2F65-47D5-B451-C60B7F28D6A7}.Debug|Any CPU.Build.0 = Debug|Any CPU
		{8C86834C-2F65-47D5-B451-C60B7F28D6A7}.Release|Any CPU.ActiveCfg = Release|Any CPU
		{8C86834C-2F65-47D5-B451-C60B7F28D6A7}.Release|Any CPU.Build.0 = Release|Any CPU
		{86B74399-7FB9-4329-A04F-7FB9DA8A700E}.Debug|Any CPU.ActiveCfg = Debug|Any CPU
		{86B74399-7FB9-4329-A04F-7FB9DA8A700E}.Debug|Any CPU.Build.0 = Debug|Any CPU
		{86B74399-7FB9-4329-A04F-7FB9DA8A700E}.Release|Any CPU.ActiveCfg = Release|Any CPU
		{86B74399-7FB9-4329-A04F-7FB9DA8A700E}.Release|Any CPU.Build.0 = Release|Any CPU
		{301ED948-16B3-4FF9-9467-C89A727E81D6}.Debug|Any CPU.ActiveCfg = Debug|Any CPU
		{301ED948-16B3-4FF9-9467-C89A727E81D6}.Debug|Any CPU.Build.0 = Debug|Any CPU
		{301ED948-16B3-4FF9-9467-C89A727E81D6}.Release|Any CPU.ActiveCfg = Release|Any CPU
		{301ED948-16B3-4FF9-9467-C89A727E81D6}.Release|Any CPU.Build.0 = Release|Any CPU
	EndGlobalSection
	GlobalSection(SolutionProperties) = preSolution
		HideSolutionNode = FALSE
	EndGlobalSection
	GlobalSection(NestedProjects) = preSolution
		{57673996-7E91-42DF-A6A0-C10D985A7F69} = {02EA681E-C7D8-13C7-8484-4AC65E1B71E8}
		{078DA1A7-2094-4939-9BB4-10C9E0B0448D} = {02EA681E-C7D8-13C7-8484-4AC65E1B71E8}
	EndGlobalSection
	GlobalSection(ExtensibilityGlobals) = postSolution
		SolutionGuid = {9B0C8503-34CF-4379-8B05-91B19F3223D3}
	EndGlobalSection
EndGlobal
